rogchap.com/v8go v0.4.1-0.20210203045418-072331fa7fe0 h1:OIpOrBGCLu2pjI3taYGEyQDuG3AvPQRRdOff5Pgggek=
rogchap.com/v8go v0.4.1-0.20210203045418-072331fa7fe0/go.mod h1:IitZnaOtWSJadY/7qinKHIEHpxsilMWyLQ+Efdo4n4I=
rogchap.com/v8go v0.9.0 h1:wYbUCO4h6fjTamziHrzyrPnpFNuzPpjZY+nfmZjNaew=
rogchap.com/v8go v0.9.0/go.mod h1:MxgP3pL2MW4dpme/72QRs8sgNMmM0pRc8DPhcuLWPAs=
